
Microsoft Visual Studio Solution File, Format Version 12.00
# Visual Studio 14
VisualStudioVersion = 14.0.22609.0
MinimumVisualStudioVersion = 10.0.40219.1
Project("{2150E333-8FDC-42A3-9474-1A3956D46DE8}") = "ref", "ref", "{1BC129E2-EA41-4525-B29F-C3FCE7C4097F}"
EndProject
Project("{FAE04EC0-301F-11D3-BF4B-00C04F79EFBC}") = "nilnul.relation(130616", "..\..\nilnul.relation(sln\lib\nilnul.relation(130616.csproj", "{19FF6B8D-4484-4285-9E8A-486853FF66F0}"
EndProject
Project("{FAE04EC0-301F-11D3-BF4B-00C04F79EFBC}") = "nilnul(130621", "..\..\nilnul(130115\lib\nilnul(130621.csproj", "{C670B90B-3208-4640-ADB5-4007B964D9BB}"
EndProject
Project("{FAE04EC0-301F-11D3-BF4B-00C04F79EFBC}") = "nilnul.bit130616", "..\..\nilnul.bit(sln\lib\nilnul.bit130616.csproj", "{2B9C3663-6FCD-4E22-A410-273B0CBA60CB}"
EndProject
Project("{FAE04EC0-301F-11D3-BF4B-00C04F79EFBC}") = "nilnul.obj", "..\..\nilnul.obj\lib\nilnul.obj.csproj", "{967AEBF1-7705-4E2E-8511-921CFC14456C}"
EndProject
Project("{FAE04EC0-301F-11D3-BF4B-00C04F79EFBC}") = "nilnul.num.real.matrix", "nilnul.num.real.matrix.csproj", "{2DD39BA3-1237-447A-8C5A-4EEA25E1F929}"
EndProject
Project("{FAE04EC0-301F-11D3-BF4B-00C04F79EFBC}") = "nilnul.collection.set130710", "..\..\nilnul.collection.set\lib\nilnul.collection.set130710.csproj", "{4B355EE2-4CFB-4A33-86BE-A678C3DC5659}"
EndProject
Project("{FAE04EC0-301F-11D3-BF4B-00C04F79EFBC}") = "nilnul.collection(131218", "..\..\nilnul.collection\lib\nilnul.collection(131218.csproj", "{979E90E0-A3AA-4B50-BED8-2187E2723CEE}"
EndProject
Project("{FAE04EC0-301F-11D3-BF4B-00C04F79EFBC}") = "nilnul.order(131219withInterval", "..\..\nilnul.order\lib\nilnul.order(131219withInterval.csproj", "{6C7EC494-DECF-481D-889D-93361E682A02}"
EndProject
Project("{FAE04EC0-301F-11D3-BF4B-00C04F79EFBC}") = "nilnul.num.real140912", "..\..\nilnul.num.real\lib\nilnul.num.real140912.csproj", "{DC7CD21E-6810-417A-951B-54DBE4A00784}"
EndProject
Project("{FAE04EC0-301F-11D3-BF4B-00C04F79EFBC}") = "nilnul.num.natural140912", "..\..\nilnul.num.natural(sln\lib\nilnul.num.natural140912.csproj", "{23B3E13A-3635-489B-BE69-FEF3FEEFB20A}"
EndProject
Project("{2150E333-8FDC-42A3-9474-1A3956D46DE8}") = "ref", "ref", "{0A326ADB-62AF-43C5-B84F-9DE72193324E}"
EndProject
Project("{FAE04EC0-301F-11D3-BF4B-00C04F79EFBC}") = "nilnul.num.integer150226", "..\..\nilnul.num.integer(sln)\lib\nilnul.num.integer150226.csproj", "{0BF40E22-974E-409B-9675-943B6E155D48}"
EndProject
Project("{FAE04EC0-301F-11D3-BF4B-00C04F79EFBC}") = "nilnul.num.quotient150226", "..\..\nilnul.num.rational(sln)\lib\nilnul.num.quotient150226.csproj", "{86A36C4B-BEDB-422E-AE65-5ACE98C5DF23}"
EndProject
Global
	GlobalSection(SolutionConfigurationPlatforms) = preSolution
		_Temp|Any CPU = _Temp|Any CPU
		_Temp|Mixed Platforms = _Temp|Mixed Platforms
		_Temp|x86 = _Temp|x86
		Debug|Any CPU = Debug|Any CPU
		Debug|Mixed Platforms = Debug|Mixed Platforms
		Debug|x86 = Debug|x86
		Release|Any CPU = Release|Any CPU
		Release|Mixed Platforms = Release|Mixed Platforms
		Release|x86 = Release|x86
	EndGlobalSection
	GlobalSection(ProjectConfigurationPlatforms) = postSolution
		{19FF6B8D-4484-4285-9E8A-486853FF66F0}._Temp|Any CPU.ActiveCfg = Release|Any CPU
		{19FF6B8D-4484-4285-9E8A-486853FF66F0}._Temp|Any CPU.Build.0 = Release|Any CPU
		{19FF6B8D-4484-4285-9E8A-486853FF66F0}._Temp|Mixed Platforms.ActiveCfg = Release|Any CPU
		{19FF6B8D-4484-4285-9E8A-486853FF66F0}._Temp|Mixed Platforms.Build.0 = Release|Any CPU
		{19FF6B8D-4484-4285-9E8A-486853FF66F0}._Temp|x86.ActiveCfg = Release|Any CPU
		{19FF6B8D-4484-4285-9E8A-486853FF66F0}.Debug|Any CPU.ActiveCfg = Debug|Any CPU
		{19FF6B8D-4484-4285-9E8A-486853FF66F0}.Debug|Any CPU.Build.0 = Debug|Any CPU
		{19FF6B8D-4484-4285-9E8A-486853FF66F0}.Debug|Mixed Platforms.ActiveCfg = Debug|Any CPU
		{19FF6B8D-4484-4285-9E8A-486853FF66F0}.Debug|Mixed Platforms.Build.0 = Debug|Any CPU
		{19FF6B8D-4484-4285-9E8A-486853FF66F0}.Debug|x86.ActiveCfg = Debug|Any CPU
		{19FF6B8D-4484-4285-9E8A-486853FF66F0}.Release|Any CPU.ActiveCfg = Release|Any CPU
		{19FF6B8D-4484-4285-9E8A-486853FF66F0}.Release|Any CPU.Build.0 = Release|Any CPU
		{19FF6B8D-4484-4285-9E8A-486853FF66F0}.Release|Mixed Platforms.ActiveCfg = Release|Any CPU
		{19FF6B8D-4484-4285-9E8A-486853FF66F0}.Release|Mixed Platforms.Build.0 = Release|Any CPU
		{19FF6B8D-4484-4285-9E8A-486853FF66F0}.Release|x86.ActiveCfg = Release|Any CPU
		{C670B90B-3208-4640-ADB5-4007B964D9BB}._Temp|Any CPU.ActiveCfg = _Temp|Any CPU
		{C670B90B-3208-4640-ADB5-4007B964D9BB}._Temp|Any CPU.Build.0 = _Temp|Any CPU
		{C670B90B-3208-4640-ADB5-4007B964D9BB}._Temp|Mixed Platforms.ActiveCfg = _Temp|Any CPU
		{C670B90B-3208-4640-ADB5-4007B964D9BB}._Temp|Mixed Platforms.Build.0 = _Temp|Any CPU
		{C670B90B-3208-4640-ADB5-4007B964D9BB}._Temp|x86.ActiveCfg = _Temp|Any CPU
		{C670B90B-3208-4640-ADB5-4007B964D9BB}.Debug|Any CPU.ActiveCfg = Debug|Any CPU
		{C670B90B-3208-4640-ADB5-4007B964D9BB}.Debug|Any CPU.Build.0 = Debug|Any CPU
		{C670B90B-3208-4640-ADB5-4007B964D9BB}.Debug|Mixed Platforms.ActiveCfg = Debug|Any CPU
		{C670B90B-3208-4640-ADB5-4007B964D9BB}.Debug|Mixed Platforms.Build.0 = Debug|Any CPU
		{C670B90B-3208-4640-ADB5-4007B964D9BB}.Debug|x86.ActiveCfg = Debug|Any CPU
		{C670B90B-3208-4640-ADB5-4007B964D9BB}.Release|Any CPU.ActiveCfg = Release|Any CPU
		{C670B90B-3208-4640-ADB5-4007B964D9BB}.Release|Any CPU.Build.0 = Release|Any CPU
		{C670B90B-3208-4640-ADB5-4007B964D9BB}.Release|Mixed Platforms.ActiveCfg = Release|Any CPU
		{C670B90B-3208-4640-ADB5-4007B964D9BB}.Release|Mixed Platforms.Build.0 = Release|Any CPU
		{C670B90B-3208-4640-ADB5-4007B964D9BB}.Release|x86.ActiveCfg = Release|Any CPU
		{2B9C3663-6FCD-4E22-A410-273B0CBA60CB}._Temp|Any CPU.ActiveCfg = _Temp|Any CPU
		{2B9C3663-6FCD-4E22-A410-273B0CBA60CB}._Temp|Any CPU.Build.0 = _Temp|Any CPU
		{2B9C3663-6FCD-4E22-A410-273B0CBA60CB}._Temp|Mixed Platforms.ActiveCfg = _Temp|Any CPU
		{2B9C3663-6FCD-4E22-A410-273B0CBA60CB}._Temp|Mixed Platforms.Build.0 = _Temp|Any CPU
		{2B9C3663-6FCD-4E22-A410-273B0CBA60CB}._Temp|x86.ActiveCfg = _Temp|Any CPU
		{2B9C3663-6FCD-4E22-A410-273B0CBA60CB}.Debug|Any CPU.ActiveCfg = Debug|Any CPU
		{2B9C3663-6FCD-4E22-A410-273B0CBA60CB}.Debug|Any CPU.Build.0 = Debug|Any CPU
		{2B9C3663-6FCD-4E22-A410-273B0CBA60CB}.Debug|Mixed Platforms.ActiveCfg = Debug|Any CPU
		{2B9C3663-6FCD-4E22-A410-273B0CBA60CB}.Debug|Mixed Platforms.Build.0 = Debug|Any CPU
		{2B9C3663-6FCD-4E22-A410-273B0CBA60CB}.Debug|x86.ActiveCfg = Debug|Any CPU
		{2B9C3663-6FCD-4E22-A410-273B0CBA60CB}.Release|Any CPU.ActiveCfg = Release|Any CPU
		{2B9C3663-6FCD-4E22-A410-273B0CBA60CB}.Release|Any CPU.Build.0 = Release|Any CPU
		{2B9C3663-6FCD-4E22-A410-273B0CBA60CB}.Release|Mixed Platforms.ActiveCfg = Release|Any CPU
		{2B9C3663-6FCD-4E22-A410-273B0CBA60CB}.Release|Mixed Platforms.Build.0 = Release|Any CPU
		{2B9C3663-6FCD-4E22-A410-273B0CBA60CB}.Release|x86.ActiveCfg = Release|Any CPU
		{967AEBF1-7705-4E2E-8511-921CFC14456C}._Temp|Any CPU.ActiveCfg = _Temp|Any CPU
		{967AEBF1-7705-4E2E-8511-921CFC14456C}._Temp|Any CPU.Build.0 = _Temp|Any CPU
		{967AEBF1-7705-4E2E-8511-921CFC14456C}._Temp|Mixed Platforms.ActiveCfg = _Temp|Any CPU
		{967AEBF1-7705-4E2E-8511-921CFC14456C}._Temp|Mixed Platforms.Build.0 = _Temp|Any CPU
		{967AEBF1-7705-4E2E-8511-921CFC14456C}._Temp|x86.ActiveCfg = _Temp|Any CPU
		{967AEBF1-7705-4E2E-8511-921CFC14456C}.Debug|Any CPU.ActiveCfg = Debug|Any CPU
		{967AEBF1-7705-4E2E-8511-921CFC14456C}.Debug|Any CPU.Build.0 = Debug|Any CPU
		{967AEBF1-7705-4E2E-8511-921CFC14456C}.Debug|Mixed Platforms.ActiveCfg = Debug|Any CPU
		{967AEBF1-7705-4E2E-8511-921CFC14456C}.Debug|Mixed Platforms.Build.0 = Debug|Any CPU
		{967AEBF1-7705-4E2E-8511-921CFC14456C}.Debug|x86.ActiveCfg = Debug|Any CPU
		{967AEBF1-7705-4E2E-8511-921CFC14456C}.Release|Any CPU.ActiveCfg = Release|Any CPU
		{967AEBF1-7705-4E2E-8511-921CFC14456C}.Release|Any CPU.Build.0 = Release|Any CPU
		{967AEBF1-7705-4E2E-8511-921CFC14456C}.Release|Mixed Platforms.ActiveCfg = Release|Any CPU
		{967AEBF1-7705-4E2E-8511-921CFC14456C}.Release|Mixed Platforms.Build.0 = Release|Any CPU
		{967AEBF1-7705-4E2E-8511-921CFC14456C}.Release|x86.ActiveCfg = Release|Any CPU
		{2DD39BA3-1237-447A-8C5A-4EEA25E1F929}._Temp|Any CPU.ActiveCfg = Release|Any CPU
		{2DD39BA3-1237-447A-8C5A-4EEA25E1F929}._Temp|Any CPU.Build.0 = Release|Any CPU
		{2DD39BA3-1237-447A-8C5A-4EEA25E1F929}._Temp|Mixed Platforms.ActiveCfg = Release|Any CPU
		{2DD39BA3-1237-447A-8C5A-4EEA25E1F929}._Temp|Mixed Platforms.Build.0 = Release|Any CPU
		{2DD39BA3-1237-447A-8C5A-4EEA25E1F929}._Temp|x86.ActiveCfg = Release|Any CPU
		{2DD39BA3-1237-447A-8C5A-4EEA25E1F929}.Debug|Any CPU.ActiveCfg = Debug|Any CPU
		{2DD39BA3-1237-447A-8C5A-4EEA25E1F929}.Debug|Any CPU.Build.0 = Debug|Any CPU
		{2DD39BA3-1237-447A-8C5A-4EEA25E1F929}.Debug|Mixed Platforms.ActiveCfg = Debug|Any CPU
		{2DD39BA3-1237-447A-8C5A-4EEA25E1F929}.Debug|Mixed Platforms.Build.0 = Debug|Any CPU
		{2DD39BA3-1237-447A-8C5A-4EEA25E1F929}.Debug|x86.ActiveCfg = Debug|Any CPU
		{2DD39BA3-1237-447A-8C5A-4EEA25E1F929}.Release|Any CPU.ActiveCfg = Release|Any CPU
		{2DD39BA3-1237-447A-8C5A-4EEA25E1F929}.Release|Any CPU.Build.0 = Release|Any CPU
		{2DD39BA3-1237-447A-8C5A-4EEA25E1F929}.Release|Mixed Platforms.ActiveCfg = Release|Any CPU
		{2DD39BA3-1237-447A-8C5A-4EEA25E1F929}.Release|Mixed Platforms.Build.0 = Release|Any CPU
		{2DD39BA3-1237-447A-8C5A-4EEA25E1F929}.Release|x86.ActiveCfg = Release|Any CPU
		{4B355EE2-4CFB-4A33-86BE-A678C3DC5659}._Temp|Any CPU.ActiveCfg = Release|Any CPU
		{4B355EE2-4CFB-4A33-86BE-A678C3DC5659}._Temp|Any CPU.Build.0 = Release|Any CPU
		{4B355EE2-4CFB-4A33-86BE-A678C3DC5659}._Temp|Mixed Platforms.ActiveCfg = Release|Any CPU
		{4B355EE2-4CFB-4A33-86BE-A678C3DC5659}._Temp|Mixed Platforms.Build.0 = Release|Any CPU
		{4B355EE2-4CFB-4A33-86BE-A678C3DC5659}._Temp|x86.ActiveCfg = Release|Any CPU
		{4B355EE2-4CFB-4A33-86BE-A678C3DC5659}.Debug|Any CPU.ActiveCfg = Debug|Any CPU
		{4B355EE2-4CFB-4A33-86BE-A678C3DC5659}.Debug|Any CPU.Build.0 = Debug|Any CPU
		{4B355EE2-4CFB-4A33-86BE-A678C3DC5659}.Debug|Mixed Platforms.ActiveCfg = Debug|Any CPU
		{4B355EE2-4CFB-4A33-86BE-A678C3DC5659}.Debug|Mixed Platforms.Build.0 = Debug|Any CPU
		{4B355EE2-4CFB-4A33-86BE-A678C3DC5659}.Debug|x86.ActiveCfg = Debug|Any CPU
		{4B355EE2-4CFB-4A33-86BE-A678C3DC5659}.Release|Any CPU.ActiveCfg = Release|Any CPU
		{4B355EE2-4CFB-4A33-86BE-A678C3DC5659}.Release|Any CPU.Build.0 = Release|Any CPU
		{4B355EE2-4CFB-4A33-86BE-A678C3DC5659}.Release|Mixed Platforms.ActiveCfg = Release|Any CPU
		{4B355EE2-4CFB-4A33-86BE-A678C3DC5659}.Release|Mixed Platforms.Build.0 = Release|Any CPU
		{4B355EE2-4CFB-4A33-86BE-A678C3DC5659}.Release|x86.ActiveCfg = Release|Any CPU
		{979E90E0-A3AA-4B50-BED8-2187E2723CEE}._Temp|Any CPU.ActiveCfg = Release|Any CPU
		{979E90E0-A3AA-4B50-BED8-2187E2723CEE}._Temp|Any CPU.Build.0 = Release|Any CPU
		{979E90E0-A3AA-4B50-BED8-2187E2723CEE}._Temp|Mixed Platforms.ActiveCfg = Release|Any CPU
		{979E90E0-A3AA-4B50-BED8-2187E2723CEE}._Temp|Mixed Platforms.Build.0 = Release|Any CPU
		{979E90E0-A3AA-4B50-BED8-2187E2723CEE}._Temp|x86.ActiveCfg = Release|Any CPU
		{979E90E0-A3AA-4B50-BED8-2187E2723CEE}.Debug|Any CPU.ActiveCfg = Debug|Any CPU
		{979E90E0-A3AA-4B50-BED8-2187E2723CEE}.Debug|Any CPU.Build.0 = Debug|Any CPU
		{979E90E0-A3AA-4B50-BED8-2187E2723CEE}.Debug|Mixed Platforms.ActiveCfg = Debug|Any CPU
		{979E90E0-A3AA-4B50-BED8-2187E2723CEE}.Debug|Mixed Platforms.Build.0 = Debug|Any CPU
		{979E90E0-A3AA-4B50-BED8-2187E2723CEE}.Debug|x86.ActiveCfg = Debug|Any CPU
		{979E90E0-A3AA-4B50-BED8-2187E2723CEE}.Release|Any CPU.ActiveCfg = Release|Any CPU
		{979E90E0-A3AA-4B50-BED8-2187E2723CEE}.Release|Any CPU.Build.0 = Release|Any CPU
		{979E90E0-A3AA-4B50-BED8-2187E2723CEE}.Release|Mixed Platforms.ActiveCfg = Release|Any CPU
		{979E90E0-A3AA-4B50-BED8-2187E2723CEE}.Release|Mixed Platforms.Build.0 = Release|Any CPU
		{979E90E0-A3AA-4B50-BED8-2187E2723CEE}.Release|x86.ActiveCfg = Release|Any CPU
		{6C7EC494-DECF-481D-889D-93361E682A02}._Temp|Any CPU.ActiveCfg = Release|Any CPU
		{6C7EC494-DECF-481D-889D-93361E682A02}._Temp|Any CPU.Build.0 = Release|Any CPU
		{6C7EC494-DECF-481D-889D-93361E682A02}._Temp|Mixed Platforms.ActiveCfg = Release|Any CPU
		{6C7EC494-DECF-481D-889D-93361E682A02}._Temp|Mixed Platforms.Build.0 = Release|Any CPU
		{6C7EC494-DECF-481D-889D-93361E682A02}._Temp|x86.ActiveCfg = Release|Any CPU
		{6C7EC494-DECF-481D-889D-93361E682A02}.Debug|Any CPU.ActiveCfg = Debug|Any CPU
		{6C7EC494-DECF-481D-889D-93361E682A02}.Debug|Any CPU.Build.0 = Debug|Any CPU
		{6C7EC494-DECF-481D-889D-93361E682A02}.Debug|Mixed Platforms.ActiveCfg = Debug|Any CPU
		{6C7EC494-DECF-481D-889D-93361E682A02}.Debug|Mixed Platforms.Build.0 = Debug|Any CPU
		{6C7EC494-DECF-481D-889D-93361E682A02}.Debug|x86.ActiveCfg = Debug|Any CPU
		{6C7EC494-DECF-481D-889D-93361E682A02}.Release|Any CPU.ActiveCfg = Release|Any CPU
		{6C7EC494-DECF-481D-889D-93361E682A02}.Release|Any CPU.Build.0 = Release|Any CPU
		{6C7EC494-DECF-481D-889D-93361E682A02}.Release|Mixed Platforms.ActiveCfg = Release|Any CPU
		{6C7EC494-DECF-481D-889D-93361E682A02}.Release|Mixed Platforms.Build.0 = Release|Any CPU
		{6C7EC494-DECF-481D-889D-93361E682A02}.Release|x86.ActiveCfg = Release|Any CPU
		{DC7CD21E-6810-417A-951B-54DBE4A00784}._Temp|Any CPU.ActiveCfg = Release|Any CPU
		{DC7CD21E-6810-417A-951B-54DBE4A00784}._Temp|Any CPU.Build.0 = Release|Any CPU
		{DC7CD21E-6810-417A-951B-54DBE4A00784}._Temp|Mixed Platforms.ActiveCfg = Release|Any CPU
		{DC7CD21E-6810-417A-951B-54DBE4A00784}._Temp|Mixed Platforms.Build.0 = Release|Any CPU
		{DC7CD21E-6810-417A-951B-54DBE4A00784}._Temp|x86.ActiveCfg = Release|Any CPU
		{DC7CD21E-6810-417A-951B-54DBE4A00784}.Debug|Any CPU.ActiveCfg = Debug|Any CPU
		{DC7CD21E-6810-417A-951B-54DBE4A00784}.Debug|Any CPU.Build.0 = Debug|Any CPU
		{DC7CD21E-6810-417A-951B-54DBE4A00784}.Debug|Mixed Platforms.ActiveCfg = Debug|Any CPU
		{DC7CD21E-6810-417A-951B-54DBE4A00784}.Debug|Mixed Platforms.Build.0 = Debug|Any CPU
		{DC7CD21E-6810-417A-951B-54DBE4A00784}.Debug|x86.ActiveCfg = Debug|Any CPU
		{DC7CD21E-6810-417A-951B-54DBE4A00784}.Release|Any CPU.ActiveCfg = Release|Any CPU
		{DC7CD21E-6810-417A-951B-54DBE4A00784}.Release|Any CPU.Build.0 = Release|Any CPU
		{DC7CD21E-6810-417A-951B-54DBE4A00784}.Release|Mixed Platforms.ActiveCfg = Release|Any CPU
		{DC7CD21E-6810-417A-951B-54DBE4A00784}.Release|Mixed Platforms.Build.0 = Release|Any CPU
		{DC7CD21E-6810-417A-951B-54DBE4A00784}.Release|x86.ActiveCfg = Release|Any CPU
		{23B3E13A-3635-489B-BE69-FEF3FEEFB20A}._Temp|Any CPU.ActiveCfg = Release|Any CPU
		{23B3E13A-3635-489B-BE69-FEF3FEEFB20A}._Temp|Any CPU.Build.0 = Release|Any CPU
		{23B3E13A-3635-489B-BE69-FEF3FEEFB20A}._Temp|Mixed Platforms.ActiveCfg = Release|Any CPU
		{23B3E13A-3635-489B-BE69-FEF3FEEFB20A}._Temp|Mixed Platforms.Build.0 = Release|Any CPU
		{23B3E13A-3635-489B-BE69-FEF3FEEFB20A}._Temp|x86.ActiveCfg = Release|Any CPU
		{23B3E13A-3635-489B-BE69-FEF3FEEFB20A}.Debug|Any CPU.ActiveCfg = Debug|Any CPU
		{23B3E13A-3635-489B-BE69-FEF3FEEFB20A}.Debug|Any CPU.Build.0 = Debug|Any CPU
		{23B3E13A-3635-489B-BE69-FEF3FEEFB20A}.Debug|Mixed Platforms.ActiveCfg = Debug|Any CPU
		{23B3E13A-3635-489B-BE69-FEF3FEEFB20A}.Debug|Mixed Platforms.Build.0 = Debug|Any CPU
		{23B3E13A-3635-489B-BE69-FEF3FEEFB20A}.Debug|x86.ActiveCfg = Debug|Any CPU
		{23B3E13A-3635-489B-BE69-FEF3FEEFB20A}.Release|Any CPU.ActiveCfg = Release|Any CPU
		{23B3E13A-3635-489B-BE69-FEF3FEEFB20A}.Release|Any CPU.Build.0 = Release|Any CPU
		{23B3E13A-3635-489B-BE69-FEF3FEEFB20A}.Release|Mixed Platforms.ActiveCfg = Release|Any CPU
		{23B3E13A-3635-489B-BE69-FEF3FEEFB20A}.Release|Mixed Platforms.Build.0 = Release|Any CPU
		{23B3E13A-3635-489B-BE69-FEF3FEEFB20A}.Release|x86.ActiveCfg = Release|Any CPU
		{0BF40E22-974E-409B-9675-943B6E155D48}._Temp|Any CPU.ActiveCfg = Release|Any CPU
		{0BF40E22-974E-409B-9675-943B6E155D48}._Temp|Any CPU.Build.0 = Release|Any CPU
		{0BF40E22-974E-409B-9675-943B6E155D48}._Temp|Mixed Platforms.ActiveCfg = Release|Any CPU
		{0BF40E22-974E-409B-9675-943B6E155D48}._Temp|Mixed Platforms.Build.0 = Release|Any CPU
		{0BF40E22-974E-409B-9675-943B6E155D48}._Temp|x86.ActiveCfg = Release|Any CPU
		{0BF40E22-974E-409B-9675-943B6E155D48}._Temp|x86.Build.0 = Release|Any CPU
		{0BF40E22-974E-409B-9675-943B6E155D48}.Debug|Any CPU.ActiveCfg = Debug|Any CPU
		{0BF40E22-974E-409B-9675-943B6E155D48}.Debug|Any CPU.Build.0 = Debug|Any CPU
		{0BF40E22-974E-409B-9675-943B6E155D48}.Debug|Mixed Platforms.ActiveCfg = Debug|Any CPU
		{0BF40E22-974E-409B-9675-943B6E155D48}.Debug|Mixed Platforms.Build.0 = Debug|Any CPU
		{0BF40E22-974E-409B-9675-943B6E155D48}.Debug|x86.ActiveCfg = Debug|Any CPU
		{0BF40E22-974E-409B-9675-943B6E155D48}.Debug|x86.Build.0 = Debug|Any CPU
		{0BF40E22-974E-409B-9675-943B6E155D48}.Release|Any CPU.ActiveCfg = Release|Any CPU
		{0BF40E22-974E-409B-9675-943B6E155D48}.Release|Any CPU.Build.0 = Release|Any CPU
		{0BF40E22-974E-409B-9675-943B6E155D48}.Release|Mixed Platforms.ActiveCfg = Release|Any CPU
		{0BF40E22-974E-409B-9675-943B6E155D48}.Release|Mixed Platforms.Build.0 = Release|Any CPU
		{0BF40E22-974E-409B-9675-943B6E155D48}.Release|x86.ActiveCfg = Release|Any CPU
		{0BF40E22-974E-409B-9675-943B6E155D48}.Release|x86.Build.0 = Release|Any CPU
		{86A36C4B-BEDB-422E-AE65-5ACE98C5DF23}._Temp|Any CPU.ActiveCfg = Release|Any CPU
		{86A36C4B-BEDB-422E-AE65-5ACE98C5DF23}._Temp|Any CPU.Build.0 = Release|Any CPU
		{86A36C4B-BEDB-422E-AE65-5ACE98C5DF23}._Temp|Mixed Platforms.ActiveCfg = Release|Any CPU
		{86A36C4B-BEDB-422E-AE65-5ACE98C5DF23}._Temp|Mixed Platforms.Build.0 = Release|Any CPU
		{86A36C4B-BEDB-422E-AE65-5ACE98C5DF23}._Temp|x86.ActiveCfg = Release|Any CPU
		{86A36C4B-BEDB-422E-AE65-5ACE98C5DF23}._Temp|x86.Build.0 = Release|Any CPU
		{86A36C4B-BEDB-422E-AE65-5ACE98C5DF23}.Debug|Any CPU.ActiveCfg = Debug|Any CPU
		{86A36C4B-BEDB-422E-AE65-5ACE98C5DF23}.Debug|Any CPU.Build.0 = Debug|Any CPU
		{86A36C4B-BEDB-422E-AE65-5ACE98C5DF23}.Debug|Mixed Platforms.ActiveCfg = Debug|Any CPU
		{86A36C4B-BEDB-422E-AE65-5ACE98C5DF23}.Debug|Mixed Platforms.Build.0 = Debug|Any CPU
		{86A36C4B-BEDB-422E-AE65-5ACE98C5DF23}.Debug|x86.ActiveCfg = Debug|Any CPU
		{86A36C4B-BEDB-422E-AE65-5ACE98C5DF23}.Debug|x86.Build.0 = Debug|Any CPU
		{86A36C4B-BEDB-422E-AE65-5ACE98C5DF23}.Release|Any CPU.ActiveCfg = Release|Any CPU
		{86A36C4B-BEDB-422E-AE65-5ACE98C5DF23}.Release|Any CPU.Build.0 = Release|Any CPU
		{86A36C4B-BEDB-422E-AE65-5ACE98C5DF23}.Release|Mixed Platforms.ActiveCfg = Release|Any CPU
		{86A36C4B-BEDB-422E-AE65-5ACE98C5DF23}.Release|Mixed Platforms.Build.0 = Release|Any CPU
		{86A36C4B-BEDB-422E-AE65-5ACE98C5DF23}.Release|x86.ActiveCfg = Release|Any CPU
		{86A36C4B-BEDB-422E-AE65-5ACE98C5DF23}.Release|x86.Build.0 = Release|Any CPU
	EndGlobalSection
	GlobalSection(SolutionProperties) = preSolution
		HideSolutionNode = FALSE
	EndGlobalSection
	GlobalSection(NestedProjects) = preSolution
		{19FF6B8D-4484-4285-9E8A-486853FF66F0} = {1BC129E2-EA41-4525-B29F-C3FCE7C4097F}
		{C670B90B-3208-4640-ADB5-4007B964D9BB} = {1BC129E2-EA41-4525-B29F-C3FCE7C4097F}
		{2B9C3663-6FCD-4E22-A410-273B0CBA60CB} = {1BC129E2-EA41-4525-B29F-C3FCE7C4097F}
		{967AEBF1-7705-4E2E-8511-921CFC14456C} = {1BC129E2-EA41-4525-B29F-C3FCE7C4097F}
		{4B355EE2-4CFB-4A33-86BE-A678C3DC5659} = {1BC129E2-EA41-4525-B29F-C3FCE7C4097F}
		{979E90E0-A3AA-4B50-BED8-2187E2723CEE} = {1BC129E2-EA41-4525-B29F-C3FCE7C4097F}
		{6C7EC494-DECF-481D-889D-93361E682A02} = {1BC129E2-EA41-4525-B29F-C3FCE7C4097F}
		{DC7CD21E-6810-417A-951B-54DBE4A00784} = {1BC129E2-EA41-4525-B29F-C3FCE7C4097F}
		{23B3E13A-3635-489B-BE69-FEF3FEEFB20A} = {1BC129E2-EA41-4525-B29F-C3FCE7C4097F}
		{0A326ADB-62AF-43C5-B84F-9DE72193324E} = {1BC129E2-EA41-4525-B29F-C3FCE7C4097F}
		{0BF40E22-974E-409B-9675-943B6E155D48} = {1BC129E2-EA41-4525-B29F-C3FCE7C4097F}
		{86A36C4B-BEDB-422E-AE65-5ACE98C5DF23} = {1BC129E2-EA41-4525-B29F-C3FCE7C4097F}
	EndGlobalSection
	GlobalSection(TestCaseManagementSettings) = postSolution
		CategoryFile = ..\..\nilnul.num.rational\nilnul.num.rational.vsmdi
	EndGlobalSection
	GlobalSection(TestCaseManagementSettings) = postSolution
		CategoryFile = ..\..\nilnul.num.rational\nilnul.num.rational.vsmdi
	EndGlobalSection
EndGlobal
